// !$*UTF8*$!
{
	archiveVersion = 1;
	classes = {
	};
	objectVersion = 48;
	objects = {

/* Begin PBXBuildFile section */
		7FB827AD201B2EF00032393A /* AppDelegate.swift in Sources */ = {isa = PBXBuildFile; fileRef = 7FB827AC201B2EF00032393A /* AppDelegate.swift */; };
		7FB827AF201B2EF00032393A /* ViewController.swift in Sources */ = {isa = PBXBuildFile; fileRef = 7FB827AE201B2EF00032393A /* ViewController.swift */; };
		7FB827B2201B2EF00032393A /* Main.storyboard in Resources */ = {isa = PBXBuildFile; fileRef = 7FB827B0201B2EF00032393A /* Main.storyboard */; };
		7FB827B4201B2EF00032393A /* Assets.xcassets in Resources */ = {isa = PBXBuildFile; fileRef = 7FB827B3201B2EF00032393A /* Assets.xcassets */; };
		7FB827B7201B2EF00032393A /* LaunchScreen.storyboard in Resources */ = {isa = PBXBuildFile; fileRef = 7FB827B5201B2EF00032393A /* LaunchScreen.storyboard */; };
		7FB827C0201B32A20032393A /* LICENSE in Resources */ = {isa = PBXBuildFile; fileRef = 7FB827BE201B32A20032393A /* LICENSE */; };
		7FB827C1201B32A20032393A /* QiDao.podspec in Resources */ = {isa = PBXBuildFile; fileRef = 7FB827BF201B32A20032393A /* QiDao.podspec */; };
/* End PBXBuildFile section */

/* Begin PBXFileReference section */
		7FB827A9201B2EF00032393A /* QiDao.app */ = {isa = PBXFileReference; explicitFileType = wrapper.application; includeInIndex = 0; path = QiDao.app; sourceTree = BUILT_PRODUCTS_DIR; };
		7FB827AC201B2EF00032393A /* AppDelegate.swift */ = {isa = PBXFileReference; lastKnownFileType = sourcecode.swift; path = AppDelegate.swift; sourceTree = "<group>"; };
		7FB827AE201B2EF00032393A /* ViewController.swift */ = {isa = PBXFileReference; lastKnownFileType = sourcecode.swift; path = ViewController.swift; sourceTree = "<group>"; };
		7FB827B1201B2EF00032393A /* Base */ = {isa = PBXFileReference; lastKnownFileType = file.storyboard; name = Base; path = Base.lproj/Main.storyboard; sourceTree = "<group>"; };
		7FB827B3201B2EF00032393A /* Assets.xcassets */ = {isa = PBXFileReference; lastKnownFileType = folder.assetcatalog; path = Assets.xcassets; sourceTree = "<group>"; };
		7FB827B6201B2EF00032393A /* Base */ = {isa = PBXFileReference; lastKnownFileType = file.storyboard; name = Base; path = Base.lproj/LaunchScreen.storyboard; sourceTree = "<group>"; };
		7FB827B8201B2EF00032393A /* Info.plist */ = {isa = PBXFileReference; lastKnownFileType = text.plist.xml; path = Info.plist; sourceTree = "<group>"; };
		7FB827BE201B32A20032393A /* LICENSE */ = {isa = PBXFileReference; fileEncoding = 4; lastKnownFileType = text; path = LICENSE; sourceTree = SOURCE_ROOT; };
		7FB827BF201B32A20032393A /* QiDao.podspec */ = {isa = PBXFileReference; fileEncoding = 4; lastKnownFileType = text; path = QiDao.podspec; sourceTree = SOURCE_ROOT; };
/* End PBXFileReference section */

/* Begin PBXFrameworksBuildPhase section */
		7FB827A6201B2EF00032393A /* Frameworks */ = {
			isa = PBXFrameworksBuildPhase;
			buildActionMask = 2147483647;
			files = (
			);
			runOnlyForDeploymentPostprocessing = 0;
		};
/* End PBXFrameworksBuildPhase section */

/* Begin PBXGroup section */
		7FB827A0201B2EF00032393A = {
			isa = PBXGroup;
			children = (
				7FB827AB201B2EF00032393A /* QiDao */,
				7FB827AA201B2EF00032393A /* Products */,
			);
			sourceTree = "<group>";
		};
		7FB827AA201B2EF00032393A /* Products */ = {
			isa = PBXGroup;
			children = (
				7FB827A9201B2EF00032393A /* QiDao.app */,
			);
			name = Products;
			sourceTree = "<group>";
		};
		7FB827AB201B2EF00032393A /* QiDao */ = {
			isa = PBXGroup;
			children = (
				7FB827BE201B32A20032393A /* LICENSE */,
				7FB827BF201B32A20032393A /* QiDao.podspec */,
				7FB827AC201B2EF00032393A /* AppDelegate.swift */,
				7FB827AE201B2EF00032393A /* ViewController.swift */,
				7FB827B0201B2EF00032393A /* Main.storyboard */,
				7FB827B3201B2EF00032393A /* Assets.xcassets */,
				7FB827B5201B2EF00032393A /* LaunchScreen.storyboard */,
				7FB827B8201B2EF00032393A /* Info.plist */,
			);
			path = QiDao;
			sourceTree = "<group>";
		};
/* End PBXGroup section */

/* Begin PBXNativeTarget section */
		7FB827A8201B2EF00032393A /* QiDao */ = {
			isa = PBXNativeTarget;
			buildConfigurationList = 7FB827BB201B2EF00032393A /* Build configuration list for PBXNativeTarget "QiDao" */;
			buildPhases = (
				7FB827A5201B2EF00032393A /* Sources */,
				7FB827A6201B2EF00032393A /* Frameworks */,
				7FB827A7201B2EF00032393A /* Resources */,
			);
			buildRules = (
			);
			dependencies = (
			);
			name = QiDao;
			productName = QiDao;
			productReference = 7FB827A9201B2EF00032393A /* QiDao.app */;
			productType = "com.apple.product-type.application";
		};
/* End PBXNativeTarget section */

/* Begin PBXProject section */
		7FB827A1201B2EF00032393A /* Project object */ = {
			isa = PBXProject;
			attributes = {
				LastSwiftUpdateCheck = 0910;
				LastUpgradeCheck = 0910;
				ORGANIZATIONNAME = oe;
				TargetAttributes = {
					7FB827A8201B2EF00032393A = {
						CreatedOnToolsVersion = 9.1;
						ProvisioningStyle = Automatic;
					};
				};
			};
			buildConfigurationList = 7FB827A4201B2EF00032393A /* Build configuration list for PBXProject "QiDao" */;
			compatibilityVersion = "Xcode 8.0";
			developmentRegion = en;
			hasScannedForEncodings = 0;
			knownRegions = (
				en,
				Base,
			);
			mainGroup = 7FB827A0201B2EF00032393A;
			productRefGroup = 7FB827AA201B2EF00032393A /* Products */;
			projectDirPath = "";
			projectRoot = "";
			targets = (
				7FB827A8201B2EF00032393A /* QiDao */,
			);
		};
/* End PBXProject section */

/* Begin PBXResourcesBuildPhase section */
		7FB827A7201B2EF00032393A /* Resources */ = {
			isa = PBXResourcesBuildPhase;
			buildActionMask = 2147483647;
			files = (
				7FB827B7201B2EF00032393A /* LaunchScreen.storyboard in Resources */,
				7FB827B4201B2EF00032393A /* Assets.xcassets in Resources */,
				7FB827C0201B32A20032393A /* LICENSE in Resources */,
				7FB827B2201B2EF00032393A /* Main.storyboard in Resources */,
				7FB827C1201B32A20032393A /* QiDao.podspec in Resources */,
			);
			runOnlyForDeploymentPostprocessing = 0;
		};
/* End PBXResourcesBuildPhase section */

/* Begin PBXSourcesBuildPhase section */
		7FB827A5201B2EF00032393A /* Sources */ = {
			isa = PBXSourcesBuildPhase;
			buildActionMask = 2147483647;
			files = (
				7FB827AF201B2EF00032393A /* ViewController.swift in Sources */,
				7FB827AD201B2EF00032393A /* AppDelegate.swift in Sources */,
			);
			runOnlyForDeploymentPostprocessing = 0;
		};
/* End PBXSourcesBuildPhase section */

/* Begin PBXVariantGroup section */
		7FB827B0201B2EF00032393A /* Main.storyboard */ = {
			isa = PBXVariantGroup;
			children = (
				7FB827B1201B2EF00032393A /* Base */,
			);
			name = Main.storyboard;
			sourceTree = "<group>";
		};
		7FB827B5201B2EF00032393A /* LaunchScreen.storyboard */ = {
			isa = PBXVariantGroup;
			children = (
				7FB827B6201B2EF00032393A /* Base */,
			);
			name = LaunchScreen.storyboard;
			sourceTree = "<group>";
		};
/* End PBXVariantGroup section */

/* Begin XCBuildConfiguration section */
		7FB827B9201B2EF00032393A /* Debug */ = {
			isa = XCBuildConfiguration;
			buildSettings = {
				ALWAYS_SEARCH_USER_PATHS = NO;
				CLANG_ANALYZER_NONNULL = YES;
				CLANG_ANALYZER_NUMBER_OBJECT_CONVERSION = YES_AGGRESSIVE;
				CLANG_CXX_LANGUAGE_STANDARD = "gnu++14";
				CLANG_CXX_LIBRARY = "libc++";
				CLANG_ENABLE_MODULES = YES;
				CLANG_ENABLE_OBJC_ARC = YES;
				CLANG_WARN_BLOCK_CAPTURE_AUTORELEASING = YES;
				CLANG_WARN_BOOL_CONVERSION = YES;
				CLANG_WARN_COMMA = YES;
				CLANG_WARN_CONSTANT_CONVERSION = YES;
				CLANG_WARN_DIRECT_OBJC_ISA_USAGE = YES_ERROR;
				CLANG_WARN_DOCUMENTATION_COMMENTS = YES;
				CLANG_WARN_EMPTY_BODY = YES;
				CLANG_WARN_ENUM_CONVERSION = YES;
				CLANG_WARN_INFINITE_RECURSION = YES;
				CLANG_WARN_INT_CONVERSION = YES;
				CLANG_WARN_NON_LITERAL_NULL_CONVERSION = YES;
				CLANG_WARN_OBJC_LITERAL_CONVERSION = YES;
				CLANG_WARN_OBJC_ROOT_CLASS = YES_ERROR;
				CLANG_WARN_RANGE_LOOP_ANALYSIS = YES;
				CLANG_WARN_STRICT_PROTOTYPES = YES;
				CLANG_WARN_SUSPICIOUS_MOVE = YES;
				CLANG_WARN_UNGUARDED_AVAILABILITY = YES_AGGRESSIVE;
				CLANG_WARN_UNREACHABLE_CODE = YES;
				CLANG_WARN__DUPLICATE_METHOD_MATCH = YES;
				CODE_SIGN_IDENTITY = "iPhone Developer";
				COPY_PHASE_STRIP = NO;
				DEBUG_INFORMATION_FORMAT = dwarf;
				ENABLE_STRICT_OBJC_MSGSEND = YES;
				ENABLE_TESTABILITY = YES;
				GCC_C_LANGUAGE_STANDARD = gnu11;
				GCC_DYNAMIC_NO_PIC = NO;
				GCC_NO_COMMON_BLOCKS = YES;
				GCC_OPTIMIZATION_LEVEL = 0;
				GCC_PREPROCESSOR_DEFINITIONS = (
					"DEBUG=1",
					"$(inherited)",
				);
				GCC_WARN_64_TO_32_BIT_CONVERSION = YES;
				GCC_WARN_ABOUT_RETURN_TYPE = YES_ERROR;
				GCC_WARN_UNDECLARED_SELECTOR = YES;
				GCC_WARN_UNINITIALIZED_AUTOS = YES_AGGRESSIVE;
				GCC_WARN_UNUSED_FUNCTION = YES;
				GCC_WARN_UNUSED_VARIABLE = YES;
				IPHONEOS_DEPLOYMENT_TARGET = 11.1;
				MTL_ENABLE_DEBUG_INFO = YES;
				ONLY_ACTIVE_ARCH = YES;
				SDKROOT = iphoneos;
				SWIFT_ACTIVE_COMPILATION_CONDITIONS = DEBUG;
				SWIFT_OPTIMIZATION_LEVEL = "-Onone";
			};
			name = Debug;
		};
		7FB827BA201B2EF00032393A /* Release */ = {
			isa = XCBuildConfiguration;
			buildSettings = {
				ALWAYS_SEARCH_USER_PATHS = NO;
				CLANG_ANALYZER_NONNULL = YES;
				CLANG_ANALYZER_NUMBER_OBJECT_CONVERSION = YES_AGGRESSIVE;
				CLANG_CXX_LANGUAGE_STANDARD = "gnu++14";
				CLANG_CXX_LIBRARY = "libc++";
				CLANG_ENABLE_MODULES = YES;
				CLANG_ENABLE_OBJC_ARC = YES;
				CLANG_WARN_BLOCK_CAPTURE_AUTORELEASING = YES;
				CLANG_WARN_BOOL_CONVERSION = YES;
				CLANG_WARN_COMMA = YES;
				CLANG_WARN_CONSTANT_CONVERSION = YES;
				CLANG_WARN_DIRECT_OBJC_ISA_USAGE = YES_ERROR;
				CLANG_WARN_DOCUMENTATION_COMMENTS = YES;
				CLANG_WARN_EMPTY_BODY = YES;
				CLANG_WARN_ENUM_CONVERSION = YES;
				CLANG_WARN_INFINITE_RECURSION = YES;
				CLANG_WARN_INT_CONVERSION = YES;
				CLANG_WARN_NON_LITERAL_NULL_CONVERSION = YES;
				CLANG_WARN_OBJC_LITERAL_CONVERSION = YES;
				CLANG_WARN_OBJC_ROOT_CLASS = YES_ERROR;
				CLANG_WARN_RANGE_LOOP_ANALYSIS = YES;
				CLANG_WARN_STRICT_PROTOTYPES = YES;
				CLANG_WARN_SUSPICIOUS_MOVE = YES;
				CLANG_WARN_UNGUARDED_AVAILABILITY = YES_AGGRESSIVE;
				CLANG_WARN_UNREACHABLE_CODE = YES;
				CLANG_WARN__DUPLICATE_METHOD_MATCH = YES;
				CODE_SIGN_IDENTITY = "iPhone Developer";
				COPY_PHASE_STRIP = NO;
				DEBUG_INFORMATION_FORMAT = "dwarf-with-dsym";
				ENABLE_NS_ASSERTIONS = NO;
				ENABLE_STRICT_OBJC_MSGSEND = YES;
				GCC_C_LANGUAGE_STANDARD = gnu11;
				GCC_NO_COMMON_BLOCKS = YES;
				GCC_WARN_64_TO_32_BIT_CONVERSION = YES;
				GCC_WARN_ABOUT_RETURN_TYPE = YES_ERROR;
				GCC_WARN_UNDECLARED_SELECTOR = YES;
				GCC_WARN_UNINITIALIZED_AUTOS = YES_AGGRESSIVE;
				GCC_WARN_UNUSED_FUNCTION = YES;
				GCC_WARN_UNUSED_VARIABLE = YES;
				IPHONEOS_DEPLOYMENT_TARGET = 11.1;
				MTL_ENABLE_DEBUG_INFO = NO;
				SDKROOT = iphoneos;
				SWIFT_OPTIMIZATION_LEVEL = "-Owholemodule";
				VALIDATE_PRODUCT = YES;
			};
			name = Release;
		};
		7FB827BC201B2EF00032393A /* Debug */ = {
			isa = XCBuildConfiguration;
			buildSettings = {
				ASSETCATALOG_COMPILER_APPICON_NAME = AppIcon;
				CODE_SIGN_STYLE = Automatic;
				DEVELOPMENT_TEAM = 58FAQA4Y36;
				INFOPLIST_FILE = QiDao/Info.plist;
				LD_RUNPATH_SEARCH_PATHS = "$(inherited) @executable_path/Frameworks";
				PRODUCT_BUNDLE_IDENTIFIER = com.tlh.QiDao;
				PRODUCT_NAME = "$(TARGET_NAME)";
				SWIFT_VERSION = 4.0;
				TARGETED_DEVICE_FAMILY = "1,2";
			};
			name = Debug;
		};
		7FB827BD201B2EF00032393A /* Release */ = {
			isa = XCBuildConfiguration;
			buildSettings = {
				ASSETCATALOG_COMPILER_APPICON_NAME = AppIcon;
				CODE_SIGN_STYLE = Automatic;
				DEVELOPMENT_TEAM = 58FAQA4Y36;
				INFOPLIST_FILE = QiDao/Info.plist;
				LD_RUNPATH_SEARCH_PATHS = "$(inherited) @executable_path/Frameworks";
				PRODUCT_BUNDLE_IDENTIFIER = com.tlh.QiDao;
				PRODUCT_NAME = "$(TARGET_NAME)";
				SWIFT_VERSION = 4.0;
				TARGETED_DEVICE_FAMILY = "1,2";
			};
			name = Release;
		};
/* End XCBuildConfiguration section */

/* Begin XCConfigurationList section */
		7FB827A4201B2EF00032393A /* Build configuration list for PBXProject "QiDao" */ = {
			isa = XCConfigurationList;
			buildConfigurations = (
				7FB827B9201B2EF00032393A /* Debug */,
				7FB827BA201B2EF00032393A /* Release */,
			);
			defaultConfigurationIsVisible = 0;
			defaultConfigurationName = Release;
		};
		7FB827BB201B2EF00032393A /* Build configuration list for PBXNativeTarget "QiDao" */ = {
			isa = XCConfigurationList;
			buildConfigurations = (
				7FB827BC201B2EF00032393A /* Debug */,
				7FB827BD201B2EF00032393A /* Release */,
			);
			defaultConfigurationIsVisible = 0;
			defaultConfigurationName = Release;
		};
/* End XCConfigurationList section */
	};
	rootObject = 7FB827A1201B2EF00032393A /* Project object */;
}
